
Microsoft Visual Studio Solution File, Format Version 12.00
# Visual Studio Express 2013 for Windows Desktop
VisualStudioVersion = 12.0.30110.0
MinimumVisualStudioVersion = 10.0.40219.1
Project("{FAE04EC0-301F-11D3-BF4B-00C04F79EFBC}") = "NeoAVM.Wpf", "NeoAVM.wpf\NeoAVM.Wpf.csproj", "{05F16C4D-C096-4098-B4B2-5E6B31696F1E}"
EndProject
Project("{FAE04EC0-301F-11D3-BF4B-00C04F79EFBC}") = "NeoAVM.Core", "NeoAVM.Core\NeoAVM.Core.csproj", "{C12B9BCB-D63B-4CD0-AAC2-F220B568B975}"
EndProject
Project("{FAE04EC0-301F-11D3-BF4B-00C04F79EFBC}") = "NeoAVM.Test", "NeoAVM.Test\NeoAVM.Test.csproj", "{A070A548-8BB0-4342-B568-E36CEABB286E}"
EndProject
Global
	GlobalSection(SolutionConfigurationPlatforms) = preSolution
		Debug|Any CPU = Debug|Any CPU
		Release|Any CPU = Release|Any CPU
	EndGlobalSection
	GlobalSection(ProjectConfigurationPlatforms) = postSolution
		{05F16C4D-C096-4098-B4B2-5E6B31696F1E}.Debug|Any CPU.ActiveCfg = Debug|Any CPU
		{05F16C4D-C096-4098-B4B2-5E6B31696F1E}.Debug|Any CPU.Build.0 = Debug|Any CPU
		{05F16C4D-C096-4098-B4B2-5E6B31696F1E}.Release|Any CPU.ActiveCfg = Release|Any CPU
		{05F16C4D-C096-4098-B4B2-5E6B31696F1E}.Release|Any CPU.Build.0 = Release|Any CPU
		{C12B9BCB-D63B-4CD0-AAC2-F220B568B975}.Debug|Any CPU.ActiveCfg = Debug|Any CPU
		{C12B9BCB-D63B-4CD0-AAC2-F220B568B975}.Debug|Any CPU.Build.0 = Debug|Any CPU
		{C12B9BCB-D63B-4CD0-AAC2-F220B568B975}.Release|Any CPU.ActiveCfg = Release|Any CPU
		{C12B9BCB-D63B-4CD0-AAC2-F220B568B975}.Release|Any CPU.Build.0 = Release|Any CPU
		{A070A548-8BB0-4342-B568-E36CEABB286E}.Debug|Any CPU.ActiveCfg = Debug|Any CPU
		{A070A548-8BB0-4342-B568-E36CEABB286E}.Debug|Any CPU.Build.0 = Debug|Any CPU
		{A070A548-8BB0-4342-B568-E36CEABB286E}.Release|Any CPU.ActiveCfg = Release|Any CPU
		{A070A548-8BB0-4342-B568-E36CEABB286E}.Release|Any CPU.Build.0 = Release|Any CPU
	EndGlobalSection
	GlobalSection(SolutionProperties) = preSolution
		HideSolutionNode = FALSE
	EndGlobalSection
EndGlobal
